{
  "name": "phaser-games",
  "version": "1.0.0",
  "lockfileVersion": 3,
  "requires": true,
  "packages": {
    "": {
      "name": "phaser-games",
      "version": "1.0.0",
      "license": "ISC",
      "dependencies": {
        "phaser": "^3.87.0"
      }
    },
    "node_modules/eventemitter3": {
      "version": "5.0.1",
      "resolved": "https://registry.npmjs.org/eventemitter3/-/eventemitter3-5.0.1.tgz",
      "integrity": "sha512-GWkBvjiSZK87ELrYOSESUYeVIc9mvLLf/nXalMOS5dYrgZq9o5OVkbZAVM06CVxYsCwH9BDZFPlQTlPA1j4ahA==",
      "license": "MIT"
    },
    "node_modules/phaser": {
      "version": "3.87.0",
      "resolved": "https://registry.npmjs.org/phaser/-/phaser-3.87.0.tgz",
      "integrity": "sha512-AyI1b3T5fp05gzf6WUmu2FNqaZL+Y7w88yBRLf7YZXF9bncUSHpnDrupnTGoPqy/RKHRLBcay7zWeqQ2wiMWcw==",
      "license": "MIT",
      "dependencies": {
        "eventemitter3": "^5.0.1"
      }
    }
  }
}
